
Microsoft Visual Studio Solution File, Format Version 12.00
Project("{2150E333-8FDC-42A3-9474-1A3956D46DE8}") = "solution files", "solution files", "{60AA855F-6EF4-4D2A-A2DE-C17D617A97E1}"
	ProjectSection(SolutionItems) = preProject
		.editorconfig = .editorconfig
		Directory.Build.props = Directory.Build.props
		global.json = global.json
		README.md = README.md
		Directory.Packages.props = Directory.Packages.props
		nuget.config = nuget.config
		.gitignore = .gitignore
	EndProjectSection
EndProject
Project("{2150E333-8FDC-42A3-9474-1A3956D46DE8}") = "src", "src", "{1E687D07-4786-413D-A030-19AFA92231D4}"
EndProject
Project("{2150E333-8FDC-42A3-9474-1A3956D46DE8}") = "contracts", "contracts", "{81EF450A-C278-426B-A396-5F06FA73C8D7}"
EndProject
Project("{FAE04EC0-301F-11D3-BF4B-00C04F79EFBC}") = "Lowtab.Monster.Service.Contracts", "src\Lowtab.Monster.Service.Contracts\Lowtab.Monster.Service.Contracts.csproj", "{FCD5C556-B99A-407A-887C-720851EBFC6C}"
EndProject
Project("{FAE04EC0-301F-11D3-BF4B-00C04F79EFBC}") = "Lowtab.Monster.Service.Api", "src\Lowtab.Monster.Service.Api\Lowtab.Monster.Service.Api.csproj", "{1E0F40CD-41F5-4F28-8BE8-9B71FFF9E5DA}"
EndProject
Project("{FAE04EC0-301F-11D3-BF4B-00C04F79EFBC}") = "Lowtab.Monster.Service.Domain", "src\Lowtab.Monster.Service.Domain\Lowtab.Monster.Service.Domain.csproj", "{1BFAE6C9-74AF-4F97-A0EC-F9D4312EF849}"
EndProject
Project("{FAE04EC0-301F-11D3-BF4B-00C04F79EFBC}") = "Lowtab.Monster.Service.Application", "src\Lowtab.Monster.Service.Application\Lowtab.Monster.Service.Application.csproj", "{BC9A2316-0F61-4714-8709-95EA7AF4FFAA}"
EndProject
Project("{FAE04EC0-301F-11D3-BF4B-00C04F79EFBC}") = "Lowtab.Monster.Service.Infrastructure", "src\Lowtab.Monster.Service.Infrastructure\Lowtab.Monster.Service.Infrastructure.csproj", "{8A6BD54E-BFE2-4194-ACD3-81A24DD2CAB8}"
EndProject
Project("{2150E333-8FDC-42A3-9474-1A3956D46DE8}") = "tools", "tools", "{0FC3CD1A-AE80-46EE-B19E-FC5C97D268D9}"
EndProject
Project("{FAE04EC0-301F-11D3-BF4B-00C04F79EFBC}") = "Lowtab.Monster.Service.Cli", "tools\Lowtab.Monster.Service.Cli\Lowtab.Monster.Service.Cli.csproj", "{AEFFB76D-E7DE-4B4F-B181-2984A6A1FBD4}"
EndProject
Global
	GlobalSection(SolutionConfigurationPlatforms) = preSolution
		Debug|Any CPU = Debug|Any CPU
		Release|Any CPU = Release|Any CPU
	EndGlobalSection
	GlobalSection(ProjectConfigurationPlatforms) = postSolution
								{8A6BD54E-BFE2-4194-ACD3-81A24DD2CAB8}.Debug|Any CPU.ActiveCfg = Debug|Any CPU
		{8A6BD54E-BFE2-4194-ACD3-81A24DD2CAB8}.Debug|Any CPU.Build.0 = Debug|Any CPU
		{8A6BD54E-BFE2-4194-ACD3-81A24DD2CAB8}.Release|Any CPU.ActiveCfg = Release|Any CPU
		{8A6BD54E-BFE2-4194-ACD3-81A24DD2CAB8}.Release|Any CPU.Build.0 = Release|Any CPU
		{1BFAE6C9-74AF-4F97-A0EC-F9D4312EF849}.Debug|Any CPU.ActiveCfg = Debug|Any CPU
		{1BFAE6C9-74AF-4F97-A0EC-F9D4312EF849}.Debug|Any CPU.Build.0 = Debug|Any CPU
		{1BFAE6C9-74AF-4F97-A0EC-F9D4312EF849}.Release|Any CPU.ActiveCfg = Release|Any CPU
		{1BFAE6C9-74AF-4F97-A0EC-F9D4312EF849}.Release|Any CPU.Build.0 = Release|Any CPU
								{AEFFB76D-E7DE-4B4F-B181-2984A6A1FBD4}.Debug|Any CPU.ActiveCfg = Debug|Any CPU
								{AEFFB76D-E7DE-4B4F-B181-2984A6A1FBD4}.Debug|Any CPU.Build.0 = Debug|Any CPU
								{AEFFB76D-E7DE-4B4F-B181-2984A6A1FBD4}.Release|Any CPU.ActiveCfg = Release|Any CPU
								{AEFFB76D-E7DE-4B4F-B181-2984A6A1FBD4}.Release|Any CPU.Build.0 = Release|Any CPU
		{BC9A2316-0F61-4714-8709-95EA7AF4FFAA}.Debug|Any CPU.ActiveCfg = Debug|Any CPU
		{BC9A2316-0F61-4714-8709-95EA7AF4FFAA}.Debug|Any CPU.Build.0 = Debug|Any CPU
		{BC9A2316-0F61-4714-8709-95EA7AF4FFAA}.Release|Any CPU.ActiveCfg = Release|Any CPU
		{BC9A2316-0F61-4714-8709-95EA7AF4FFAA}.Release|Any CPU.Build.0 = Release|Any CPU
								{1E0F40CD-41F5-4F28-8BE8-9B71FFF9E5DA}.Debug|Any CPU.ActiveCfg = Debug|Any CPU
								{1E0F40CD-41F5-4F28-8BE8-9B71FFF9E5DA}.Debug|Any CPU.Build.0 = Debug|Any CPU
								{1E0F40CD-41F5-4F28-8BE8-9B71FFF9E5DA}.Release|Any CPU.ActiveCfg = Release|Any CPU
								{1E0F40CD-41F5-4F28-8BE8-9B71FFF9E5DA}.Release|Any CPU.Build.0 = Release|Any CPU
		{FCD5C556-B99A-407A-887C-720851EBFC6C}.Debug|Any CPU.ActiveCfg = Debug|Any CPU
		{FCD5C556-B99A-407A-887C-720851EBFC6C}.Debug|Any CPU.Build.0 = Debug|Any CPU
		{FCD5C556-B99A-407A-887C-720851EBFC6C}.Release|Any CPU.ActiveCfg = Release|Any CPU
		{FCD5C556-B99A-407A-887C-720851EBFC6C}.Release|Any CPU.Build.0 = Release|Any CPU
	EndGlobalSection
	GlobalSection(NestedProjects) = preSolution
		{8A6BD54E-BFE2-4194-ACD3-81A24DD2CAB8} = {1E687D07-4786-413D-A030-19AFA92231D4}
		{1BFAE6C9-74AF-4F97-A0EC-F9D4312EF849} = {1E687D07-4786-413D-A030-19AFA92231D4}
		{AEFFB76D-E7DE-4B4F-B181-2984A6A1FBD4} = {0FC3CD1A-AE80-46EE-B19E-FC5C97D268D9}
		{BC9A2316-0F61-4714-8709-95EA7AF4FFAA} = {1E687D07-4786-413D-A030-19AFA92231D4}
		{1E0F40CD-41F5-4F28-8BE8-9B71FFF9E5DA} = {1E687D07-4786-413D-A030-19AFA92231D4}
		{FCD5C556-B99A-407A-887C-720851EBFC6C} = {81EF450A-C278-426B-A396-5F06FA73C8D7}
	EndGlobalSection
EndGlobal
